
Microsoft Visual Studio Solution File, Format Version 12.00
# Visual Studio 14
VisualStudioVersion = 14.0.24720.0
MinimumVisualStudioVersion = 10.0.40219.1
Project("{FAE04EC0-301F-11D3-BF4B-00C04F79EFBC}") = "HybridApp.UWP", "HybridApp.UWP\HybridApp.UWP.csproj", "{0F4A73A8-89EC-4155-8B51-9087E240A8BA}"
EndProject
Project("{FAE04EC0-301F-11D3-BF4B-00C04F79EFBC}") = "HybridApp.Library", "HybridApp.Library\HybridApp.Library.csproj", "{1E2A986F-F5DE-4BAB-8C5D-26CA92A18AEF}"
EndProject
Global
	GlobalSection(SolutionConfigurationPlatforms) = preSolution
		Debug|Any CPU = Debug|Any CPU
		Debug|ARM = Debug|ARM
		Debug|x64 = Debug|x64
		Debug|x86 = Debug|x86
		Release|Any CPU = Release|Any CPU
		Release|ARM = Release|ARM
		Release|x64 = Release|x64
		Release|x86 = Release|x86
	EndGlobalSection
	GlobalSection(ProjectConfigurationPlatforms) = postSolution
		{0F4A73A8-89EC-4155-8B51-9087E240A8BA}.Debug|Any CPU.ActiveCfg = Debug|x86
		{0F4A73A8-89EC-4155-8B51-9087E240A8BA}.Debug|ARM.ActiveCfg = Debug|ARM
		{0F4A73A8-89EC-4155-8B51-9087E240A8BA}.Debug|ARM.Build.0 = Debug|ARM
		{0F4A73A8-89EC-4155-8B51-9087E240A8BA}.Debug|ARM.Deploy.0 = Debug|ARM
		{0F4A73A8-89EC-4155-8B51-9087E240A8BA}.Debug|x64.ActiveCfg = Debug|x64
		{0F4A73A8-89EC-4155-8B51-9087E240A8BA}.Debug|x64.Build.0 = Debug|x64
		{0F4A73A8-89EC-4155-8B51-9087E240A8BA}.Debug|x64.Deploy.0 = Debug|x64
		{0F4A73A8-89EC-4155-8B51-9087E240A8BA}.Debug|x86.ActiveCfg = Debug|x86
		{0F4A73A8-89EC-4155-8B51-9087E240A8BA}.Debug|x86.Build.0 = Debug|x86
		{0F4A73A8-89EC-4155-8B51-9087E240A8BA}.Debug|x86.Deploy.0 = Debug|x86
		{0F4A73A8-89EC-4155-8B51-9087E240A8BA}.Release|Any CPU.ActiveCfg = Release|x86
		{0F4A73A8-89EC-4155-8B51-9087E240A8BA}.Release|ARM.ActiveCfg = Release|ARM
		{0F4A73A8-89EC-4155-8B51-9087E240A8BA}.Release|ARM.Build.0 = Release|ARM
		{0F4A73A8-89EC-4155-8B51-9087E240A8BA}.Release|ARM.Deploy.0 = Release|ARM
		{0F4A73A8-89EC-4155-8B51-9087E240A8BA}.Release|x64.ActiveCfg = Release|x64
		{0F4A73A8-89EC-4155-8B51-9087E240A8BA}.Release|x64.Build.0 = Release|x64
		{0F4A73A8-89EC-4155-8B51-9087E240A8BA}.Release|x64.Deploy.0 = Release|x64
		{0F4A73A8-89EC-4155-8B51-9087E240A8BA}.Release|x86.ActiveCfg = Release|x86
		{0F4A73A8-89EC-4155-8B51-9087E240A8BA}.Release|x86.Build.0 = Release|x86
		{0F4A73A8-89EC-4155-8B51-9087E240A8BA}.Release|x86.Deploy.0 = Release|x86
		{1E2A986F-F5DE-4BAB-8C5D-26CA92A18AEF}.Debug|Any CPU.ActiveCfg = Debug|Any CPU
		{1E2A986F-F5DE-4BAB-8C5D-26CA92A18AEF}.Debug|Any CPU.Build.0 = Debug|Any CPU
		{1E2A986F-F5DE-4BAB-8C5D-26CA92A18AEF}.Debug|ARM.ActiveCfg = Debug|ARM
		{1E2A986F-F5DE-4BAB-8C5D-26CA92A18AEF}.Debug|ARM.Build.0 = Debug|ARM
		{1E2A986F-F5DE-4BAB-8C5D-26CA92A18AEF}.Debug|x64.ActiveCfg = Debug|x64
		{1E2A986F-F5DE-4BAB-8C5D-26CA92A18AEF}.Debug|x64.Build.0 = Debug|x64
		{1E2A986F-F5DE-4BAB-8C5D-26CA92A18AEF}.Debug|x86.ActiveCfg = Debug|x86
		{1E2A986F-F5DE-4BAB-8C5D-26CA92A18AEF}.Debug|x86.Build.0 = Debug|x86
		{1E2A986F-F5DE-4BAB-8C5D-26CA92A18AEF}.Release|Any CPU.ActiveCfg = Release|Any CPU
		{1E2A986F-F5DE-4BAB-8C5D-26CA92A18AEF}.Release|Any CPU.Build.0 = Release|Any CPU
		{1E2A986F-F5DE-4BAB-8C5D-26CA92A18AEF}.Release|ARM.ActiveCfg = Release|ARM
		{1E2A986F-F5DE-4BAB-8C5D-26CA92A18AEF}.Release|ARM.Build.0 = Release|ARM
		{1E2A986F-F5DE-4BAB-8C5D-26CA92A18AEF}.Release|x64.ActiveCfg = Release|x64
		{1E2A986F-F5DE-4BAB-8C5D-26CA92A18AEF}.Release|x64.Build.0 = Release|x64
		{1E2A986F-F5DE-4BAB-8C5D-26CA92A18AEF}.Release|x86.ActiveCfg = Release|x86
		{1E2A986F-F5DE-4BAB-8C5D-26CA92A18AEF}.Release|x86.Build.0 = Release|x86
	EndGlobalSection
	GlobalSection(SolutionProperties) = preSolution
		HideSolutionNode = FALSE
	EndGlobalSection
EndGlobal
